github.com/monochromegane/kmeans v0.0.3 h1:p/YOkqyPGt10BovwcW5vDfCj5G3M3tKnt2xdhLa6SW0=
github.com/monochromegane/kmeans v0.0.3/go.mod h1:sIpnWF3qmVCgbMeheNhqv5XKTMIHs8FCvtbHjKuZxMY=
golang.org/x/sync v0.13.0 h1:AauUjRAJ9OSnvULf/ARrrVywoJDy0YS2AwQ98I37610=
golang.org/x/sync v0.13.0/go.mod h1:1dzgHSNfp02xaA81J2MS99Qcpr2w7fw1gpm99rleRqA=
